// !$*UTF8*$!
{
	archiveVersion = 1;
	classes = {
	};
	objectVersion = 55;
	objects = {

/* Begin PBXBuildFile section */
		5D4CE2C92815428400A2AED5 /* jasoncheckerApp.swift in Sources */ = {isa = PBXBuildFile; fileRef = 5D4CE2C82815428400A2AED5 /* jasoncheckerApp.swift */; };
		5D4CE2CB2815428400A2AED5 /* ContentView.swift in Sources */ = {isa = PBXBuildFile; fileRef = 5D4CE2CA2815428400A2AED5 /* ContentView.swift */; };
		5D4CE2CD2815428700A2AED5 /* Assets.xcassets in Resources */ = {isa = PBXBuildFile; fileRef = 5D4CE2CC2815428700A2AED5 /* Assets.xcassets */; };
		5D4CE2D02815428700A2AED5 /* Preview Assets.xcassets in Resources */ = {isa = PBXBuildFile; fileRef = 5D4CE2CF2815428700A2AED5 /* Preview Assets.xcassets */; };
		5D4CE2DA2815428700A2AED5 /* jasoncheckerTests.swift in Sources */ = {isa = PBXBuildFile; fileRef = 5D4CE2D92815428700A2AED5 /* jasoncheckerTests.swift */; };
		5D4CE2E42815428700A2AED5 /* jasoncheckerUITests.swift in Sources */ = {isa = PBXBuildFile; fileRef = 5D4CE2E32815428700A2AED5 /* jasoncheckerUITests.swift */; };
		5D4CE2E62815428700A2AED5 /* jasoncheckerUITestsLaunchTests.swift in Sources */ = {isa = PBXBuildFile; fileRef = 5D4CE2E52815428700A2AED5 /* jasoncheckerUITestsLaunchTests.swift */; };
		5D4CE2F32815432900A2AED5 /* mainscreen.swift in Sources */ = {isa = PBXBuildFile; fileRef = 5D4CE2F22815432900A2AED5 /* mainscreen.swift */; };
		5D4CE2F52815437100A2AED5 /* vscomp.swift in Sources */ = {isa = PBXBuildFile; fileRef = 5D4CE2F42815437100A2AED5 /* vscomp.swift */; };
		5D4CE2F72815452700A2AED5 /* select.swift in Sources */ = {isa = PBXBuildFile; fileRef = 5D4CE2F62815452700A2AED5 /* select.swift */; };
		5D4CE2F92815454400A2AED5 /* buletan.swift in Sources */ = {isa = PBXBuildFile; fileRef = 5D4CE2F82815454400A2AED5 /* buletan.swift */; };
		5D4CE2FB2815455800A2AED5 /* posisi.swift in Sources */ = {isa = PBXBuildFile; fileRef = 5D4CE2FA2815455800A2AED5 /* posisi.swift */; };
/* End PBXBuildFile section */

/* Begin PBXContainerItemProxy section */
		5D4CE2D62815428700A2AED5 /* PBXContainerItemProxy */ = {
			isa = PBXContainerItemProxy;
			containerPortal = 5D4CE2BD2815428400A2AED5 /* Project object */;
			proxyType = 1;
			remoteGlobalIDString = 5D4CE2C42815428400A2AED5;
			remoteInfo = jasonchecker;
		};
		5D4CE2E02815428700A2AED5 /* PBXContainerItemProxy */ = {
			isa = PBXContainerItemProxy;
			containerPortal = 5D4CE2BD2815428400A2AED5 /* Project object */;
			proxyType = 1;
			remoteGlobalIDString = 5D4CE2C42815428400A2AED5;
			remoteInfo = jasonchecker;
		};
/* End PBXContainerItemProxy section */

/* Begin PBXFileReference section */
		5D4CE2C52815428400A2AED5 /* jasonchecker.app */ = {isa = PBXFileReference; explicitFileType = wrapper.application; includeInIndex = 0; path = jasonchecker.app; sourceTree = BUILT_PRODUCTS_DIR; };
		5D4CE2C82815428400A2AED5 /* jasoncheckerApp.swift */ = {isa = PBXFileReference; lastKnownFileType = sourcecode.swift; path = jasoncheckerApp.swift; sourceTree = "<group>"; };
		5D4CE2CA2815428400A2AED5 /* ContentView.swift */ = {isa = PBXFileReference; lastKnownFileType = sourcecode.swift; path = ContentView.swift; sourceTree = "<group>"; };
		5D4CE2CC2815428700A2AED5 /* Assets.xcassets */ = {isa = PBXFileReference; lastKnownFileType = folder.assetcatalog; path = Assets.xcassets; sourceTree = "<group>"; };
		5D4CE2CF2815428700A2AED5 /* Preview Assets.xcassets */ = {isa = PBXFileReference; lastKnownFileType = folder.assetcatalog; path = "Preview Assets.xcassets"; sourceTree = "<group>"; };
		5D4CE2D52815428700A2AED5 /* jasoncheckerTests.xctest */ = {isa = PBXFileReference; explicitFileType = wrapper.cfbundle; includeInIndex = 0; path = jasoncheckerTests.xctest; sourceTree = BUILT_PRODUCTS_DIR; };
		5D4CE2D92815428700A2AED5 /* jasoncheckerTests.swift */ = {isa = PBXFileReference; lastKnownFileType = sourcecode.swift; path = jasoncheckerTests.swift; sourceTree = "<group>"; };
		5D4CE2DF2815428700A2AED5 /* jasoncheckerUITests.xctest */ = {isa = PBXFileReference; explicitFileType = wrapper.cfbundle; includeInIndex = 0; path = jasoncheckerUITests.xctest; sourceTree = BUILT_PRODUCTS_DIR; };
		5D4CE2E32815428700A2AED5 /* jasoncheckerUITests.swift */ = {isa = PBXFileReference; lastKnownFileType = sourcecode.swift; path = jasoncheckerUITests.swift; sourceTree = "<group>"; };
		5D4CE2E52815428700A2AED5 /* jasoncheckerUITestsLaunchTests.swift */ = {isa = PBXFileReference; lastKnownFileType = sourcecode.swift; path = jasoncheckerUITestsLaunchTests.swift; sourceTree = "<group>"; };
		5D4CE2F22815432900A2AED5 /* mainscreen.swift */ = {isa = PBXFileReference; lastKnownFileType = sourcecode.swift; path = mainscreen.swift; sourceTree = "<group>"; };
		5D4CE2F42815437100A2AED5 /* vscomp.swift */ = {isa = PBXFileReference; lastKnownFileType = sourcecode.swift; path = vscomp.swift; sourceTree = "<group>"; };
		5D4CE2F62815452700A2AED5 /* select.swift */ = {isa = PBXFileReference; lastKnownFileType = sourcecode.swift; path = select.swift; sourceTree = "<group>"; };
		5D4CE2F82815454400A2AED5 /* buletan.swift */ = {isa = PBXFileReference; lastKnownFileType = sourcecode.swift; path = buletan.swift; sourceTree = "<group>"; };
		5D4CE2FA2815455800A2AED5 /* posisi.swift */ = {isa = PBXFileReference; lastKnownFileType = sourcecode.swift; path = posisi.swift; sourceTree = "<group>"; };
/* End PBXFileReference section */

/* Begin PBXFrameworksBuildPhase section */
		5D4CE2C22815428400A2AED5 /* Frameworks */ = {
			isa = PBXFrameworksBuildPhase;
			buildActionMask = 2147483647;
			files = (
			);
			runOnlyForDeploymentPostprocessing = 0;
		};
		5D4CE2D22815428700A2AED5 /* Frameworks */ = {
			isa = PBXFrameworksBuildPhase;
			buildActionMask = 2147483647;
			files = (
			);
			runOnlyForDeploymentPostprocessing = 0;
		};
		5D4CE2DC2815428700A2AED5 /* Frameworks */ = {
			isa = PBXFrameworksBuildPhase;
			buildActionMask = 2147483647;
			files = (
			);
			runOnlyForDeploymentPostprocessing = 0;
		};
/* End PBXFrameworksBuildPhase section */

/* Begin PBXGroup section */
		5D4CE2BC2815428400A2AED5 = {
			isa = PBXGroup;
			children = (
				5D4CE2C72815428400A2AED5 /* jasonchecker */,
				5D4CE2D82815428700A2AED5 /* jasoncheckerTests */,
				5D4CE2E22815428700A2AED5 /* jasoncheckerUITests */,
				5D4CE2C62815428400A2AED5 /* Products */,
			);
			sourceTree = "<group>";
		};
		5D4CE2C62815428400A2AED5 /* Products */ = {
			isa = PBXGroup;
			children = (
				5D4CE2C52815428400A2AED5 /* jasonchecker.app */,
				5D4CE2D52815428700A2AED5 /* jasoncheckerTests.xctest */,
				5D4CE2DF2815428700A2AED5 /* jasoncheckerUITests.xctest */,
			);
			name = Products;
			sourceTree = "<group>";
		};
		5D4CE2C72815428400A2AED5 /* jasonchecker */ = {
			isa = PBXGroup;
			children = (
				5D4CE2C82815428400A2AED5 /* jasoncheckerApp.swift */,
				5D4CE2CA2815428400A2AED5 /* ContentView.swift */,
				5D4CE2F62815452700A2AED5 /* select.swift */,
				5D4CE2F82815454400A2AED5 /* buletan.swift */,
				5D4CE2FA2815455800A2AED5 /* posisi.swift */,
				5D4CE2F22815432900A2AED5 /* mainscreen.swift */,
				5D4CE2F42815437100A2AED5 /* vscomp.swift */,
				5D4CE2CC2815428700A2AED5 /* Assets.xcassets */,
				5D4CE2CE2815428700A2AED5 /* Preview Content */,
			);
			path = jasonchecker;
			sourceTree = "<group>";
		};
		5D4CE2CE2815428700A2AED5 /* Preview Content */ = {
			isa = PBXGroup;
			children = (
				5D4CE2CF2815428700A2AED5 /* Preview Assets.xcassets */,
			);
			path = "Preview Content";
			sourceTree = "<group>";
		};
		5D4CE2D82815428700A2AED5 /* jasoncheckerTests */ = {
			isa = PBXGroup;
			children = (
				5D4CE2D92815428700A2AED5 /* jasoncheckerTests.swift */,
			);
			path = jasoncheckerTests;
			sourceTree = "<group>";
		};
		5D4CE2E22815428700A2AED5 /* jasoncheckerUITests */ = {
			isa = PBXGroup;
			children = (
				5D4CE2E32815428700A2AED5 /* jasoncheckerUITests.swift */,
				5D4CE2E52815428700A2AED5 /* jasoncheckerUITestsLaunchTests.swift */,
			);
			path = jasoncheckerUITests;
			sourceTree = "<group>";
		};
/* End PBXGroup section */

/* Begin PBXNativeTarget section */
		5D4CE2C42815428400A2AED5 /* jasonchecker */ = {
			isa = PBXNativeTarget;
			buildConfigurationList = 5D4CE2E92815428700A2AED5 /* Build configuration list for PBXNativeTarget "jasonchecker" */;
			buildPhases = (
				5D4CE2C12815428400A2AED5 /* Sources */,
				5D4CE2C22815428400A2AED5 /* Frameworks */,
				5D4CE2C32815428400A2AED5 /* Resources */,
			);
			buildRules = (
			);
			dependencies = (
			);
			name = jasonchecker;
			productName = jasonchecker;
			productReference = 5D4CE2C52815428400A2AED5 /* jasonchecker.app */;
			productType = "com.apple.product-type.application";
		};
		5D4CE2D42815428700A2AED5 /* jasoncheckerTests */ = {
			isa = PBXNativeTarget;
			buildConfigurationList = 5D4CE2EC2815428700A2AED5 /* Build configuration list for PBXNativeTarget "jasoncheckerTests" */;
			buildPhases = (
				5D4CE2D12815428700A2AED5 /* Sources */,
				5D4CE2D22815428700A2AED5 /* Frameworks */,
				5D4CE2D32815428700A2AED5 /* Resources */,
			);
			buildRules = (
			);
			dependencies = (
				5D4CE2D72815428700A2AED5 /* PBXTargetDependency */,
			);
			name = jasoncheckerTests;
			productName = jasoncheckerTests;
			productReference = 5D4CE2D52815428700A2AED5 /* jasoncheckerTests.xctest */;
			productType = "com.apple.product-type.bundle.unit-test";
		};
		5D4CE2DE2815428700A2AED5 /* jasoncheckerUITests */ = {
			isa = PBXNativeTarget;
			buildConfigurationList = 5D4CE2EF2815428700A2AED5 /* Build configuration list for PBXNativeTarget "jasoncheckerUITests" */;
			buildPhases = (
				5D4CE2DB2815428700A2AED5 /* Sources */,
				5D4CE2DC2815428700A2AED5 /* Frameworks */,
				5D4CE2DD2815428700A2AED5 /* Resources */,
			);
			buildRules = (
			);
			dependencies = (
				5D4CE2E12815428700A2AED5 /* PBXTargetDependency */,
			);
			name = jasoncheckerUITests;
			productName = jasoncheckerUITests;
			productReference = 5D4CE2DF2815428700A2AED5 /* jasoncheckerUITests.xctest */;
			productType = "com.apple.product-type.bundle.ui-testing";
		};
/* End PBXNativeTarget section */

/* Begin PBXProject section */
		5D4CE2BD2815428400A2AED5 /* Project object */ = {
			isa = PBXProject;
			attributes = {
				BuildIndependentTargetsInParallel = 1;
				LastSwiftUpdateCheck = 1320;
				LastUpgradeCheck = 1320;
				TargetAttributes = {
					5D4CE2C42815428400A2AED5 = {
						CreatedOnToolsVersion = 13.2.1;
					};
					5D4CE2D42815428700A2AED5 = {
						CreatedOnToolsVersion = 13.2.1;
						TestTargetID = 5D4CE2C42815428400A2AED5;
					};
					5D4CE2DE2815428700A2AED5 = {
						CreatedOnToolsVersion = 13.2.1;
						TestTargetID = 5D4CE2C42815428400A2AED5;
					};
				};
			};
			buildConfigurationList = 5D4CE2C02815428400A2AED5 /* Build configuration list for PBXProject "jasonchecker" */;
			compatibilityVersion = "Xcode 13.0";
			developmentRegion = en;
			hasScannedForEncodings = 0;
			knownRegions = (
				en,
				Base,
			);
			mainGroup = 5D4CE2BC2815428400A2AED5;
			productRefGroup = 5D4CE2C62815428400A2AED5 /* Products */;
			projectDirPath = "";
			projectRoot = "";
			targets = (
				5D4CE2C42815428400A2AED5 /* jasonchecker */,
				5D4CE2D42815428700A2AED5 /* jasoncheckerTests */,
				5D4CE2DE2815428700A2AED5 /* jasoncheckerUITests */,
			);
		};
/* End PBXProject section */

/* Begin PBXResourcesBuildPhase section */
		5D4CE2C32815428400A2AED5 /* Resources */ = {
			isa = PBXResourcesBuildPhase;
			buildActionMask = 2147483647;
			files = (
				5D4CE2D02815428700A2AED5 /* Preview Assets.xcassets in Resources */,
				5D4CE2CD2815428700A2AED5 /* Assets.xcassets in Resources */,
			);
			runOnlyForDeploymentPostprocessing = 0;
		};
		5D4CE2D32815428700A2AED5 /* Resources */ = {
			isa = PBXResourcesBuildPhase;
			buildActionMask = 2147483647;
			files = (
			);
			runOnlyForDeploymentPostprocessing = 0;
		};
		5D4CE2DD2815428700A2AED5 /* Resources */ = {
			isa = PBXResourcesBuildPhase;
			buildActionMask = 2147483647;
			files = (
			);
			runOnlyForDeploymentPostprocessing = 0;
		};
/* End PBXResourcesBuildPhase section */

/* Begin PBXSourcesBuildPhase section */
		5D4CE2C12815428400A2AED5 /* Sources */ = {
			isa = PBXSourcesBuildPhase;
			buildActionMask = 2147483647;
			files = (
				5D4CE2FB2815455800A2AED5 /* posisi.swift in Sources */,
				5D4CE2F32815432900A2AED5 /* mainscreen.swift in Sources */,
				5D4CE2CB2815428400A2AED5 /* ContentView.swift in Sources */,
				5D4CE2C92815428400A2AED5 /* jasoncheckerApp.swift in Sources */,
				5D4CE2F92815454400A2AED5 /* buletan.swift in Sources */,
				5D4CE2F52815437100A2AED5 /* vscomp.swift in Sources */,
				5D4CE2F72815452700A2AED5 /* select.swift in Sources */,
			);
			runOnlyForDeploymentPostprocessing = 0;
		};
		5D4CE2D12815428700A2AED5 /* Sources */ = {
			isa = PBXSourcesBuildPhase;
			buildActionMask = 2147483647;
			files = (
				5D4CE2DA2815428700A2AED5 /* jasoncheckerTests.swift in Sources */,
			);
			runOnlyForDeploymentPostprocessing = 0;
		};
		5D4CE2DB2815428700A2AED5 /* Sources */ = {
			isa = PBXSourcesBuildPhase;
			buildActionMask = 2147483647;
			files = (
				5D4CE2E62815428700A2AED5 /* jasoncheckerUITestsLaunchTests.swift in Sources */,
				5D4CE2E42815428700A2AED5 /* jasoncheckerUITests.swift in Sources */,
			);
			runOnlyForDeploymentPostprocessing = 0;
		};
/* End PBXSourcesBuildPhase section */

/* Begin PBXTargetDependency section */
		5D4CE2D72815428700A2AED5 /* PBXTargetDependency */ = {
			isa = PBXTargetDependency;
			target = 5D4CE2C42815428400A2AED5 /* jasonchecker */;
			targetProxy = 5D4CE2D62815428700A2AED5 /* PBXContainerItemProxy */;
		};
		5D4CE2E12815428700A2AED5 /* PBXTargetDependency */ = {
			isa = PBXTargetDependency;
			target = 5D4CE2C42815428400A2AED5 /* jasonchecker */;
			targetProxy = 5D4CE2E02815428700A2AED5 /* PBXContainerItemProxy */;
		};
/* End PBXTargetDependency section */

/* Begin XCBuildConfiguration section */
		5D4CE2E72815428700A2AED5 /* Debug */ = {
			isa = XCBuildConfiguration;
			buildSettings = {
				ALWAYS_SEARCH_USER_PATHS = NO;
				CLANG_ANALYZER_NONNULL = YES;
				CLANG_ANALYZER_NUMBER_OBJECT_CONVERSION = YES_AGGRESSIVE;
				CLANG_CXX_LANGUAGE_STANDARD = "gnu++17";
				CLANG_CXX_LIBRARY = "libc++";
				CLANG_ENABLE_MODULES = YES;
				CLANG_ENABLE_OBJC_ARC = YES;
				CLANG_ENABLE_OBJC_WEAK = YES;
				CLANG_WARN_BLOCK_CAPTURE_AUTORELEASING = YES;
				CLANG_WARN_BOOL_CONVERSION = YES;
				CLANG_WARN_COMMA = YES;
				CLANG_WARN_CONSTANT_CONVERSION = YES;
				CLANG_WARN_DEPRECATED_OBJC_IMPLEMENTATIONS = YES;
				CLANG_WARN_DIRECT_OBJC_ISA_USAGE = YES_ERROR;
				CLANG_WARN_DOCUMENTATION_COMMENTS = YES;
				CLANG_WARN_EMPTY_BODY = YES;
				CLANG_WARN_ENUM_CONVERSION = YES;
				CLANG_WARN_INFINITE_RECURSION = YES;
				CLANG_WARN_INT_CONVERSION = YES;
				CLANG_WARN_NON_LITERAL_NULL_CONVERSION = YES;
				CLANG_WARN_OBJC_IMPLICIT_RETAIN_SELF = YES;
				CLANG_WARN_OBJC_LITERAL_CONVERSION = YES;
				CLANG_WARN_OBJC_ROOT_CLASS = YES_ERROR;
				CLANG_WARN_QUOTED_INCLUDE_IN_FRAMEWORK_HEADER = YES;
				CLANG_WARN_RANGE_LOOP_ANALYSIS = YES;
				CLANG_WARN_STRICT_PROTOTYPES = YES;
				CLANG_WARN_SUSPICIOUS_MOVE = YES;
				CLANG_WARN_UNGUARDED_AVAILABILITY = YES_AGGRESSIVE;
				CLANG_WARN_UNREACHABLE_CODE = YES;
				CLANG_WARN__DUPLICATE_METHOD_MATCH = YES;
				COPY_PHASE_STRIP = NO;
				DEBUG_INFORMATION_FORMAT = dwarf;
				ENABLE_STRICT_OBJC_MSGSEND = YES;
				ENABLE_TESTABILITY = YES;
				GCC_C_LANGUAGE_STANDARD = gnu11;
				GCC_DYNAMIC_NO_PIC = NO;
				GCC_NO_COMMON_BLOCKS = YES;
				GCC_OPTIMIZATION_LEVEL = 0;
				GCC_PREPROCESSOR_DEFINITIONS = (
					"DEBUG=1",
					"$(inherited)",
				);
				GCC_WARN_64_TO_32_BIT_CONVERSION = YES;
				GCC_WARN_ABOUT_RETURN_TYPE = YES_ERROR;
				GCC_WARN_UNDECLARED_SELECTOR = YES;
				GCC_WARN_UNINITIALIZED_AUTOS = YES_AGGRESSIVE;
				GCC_WARN_UNUSED_FUNCTION = YES;
				GCC_WARN_UNUSED_VARIABLE = YES;
				IPHONEOS_DEPLOYMENT_TARGET = 15.2;
				MTL_ENABLE_DEBUG_INFO = INCLUDE_SOURCE;
				MTL_FAST_MATH = YES;
				ONLY_ACTIVE_ARCH = YES;
				SDKROOT = iphoneos;
				SWIFT_ACTIVE_COMPILATION_CONDITIONS = DEBUG;
				SWIFT_OPTIMIZATION_LEVEL = "-Onone";
			};
			name = Debug;
		};
		5D4CE2E82815428700A2AED5 /* Release */ = {
			isa = XCBuildConfiguration;
			buildSettings = {
				ALWAYS_SEARCH_USER_PATHS = NO;
				CLANG_ANALYZER_NONNULL = YES;
				CLANG_ANALYZER_NUMBER_OBJECT_CONVERSION = YES_AGGRESSIVE;
				CLANG_CXX_LANGUAGE_STANDARD = "gnu++17";
				CLANG_CXX_LIBRARY = "libc++";
				CLANG_ENABLE_MODULES = YES;
				CLANG_ENABLE_OBJC_ARC = YES;
				CLANG_ENABLE_OBJC_WEAK = YES;
				CLANG_WARN_BLOCK_CAPTURE_AUTORELEASING = YES;
				CLANG_WARN_BOOL_CONVERSION = YES;
				CLANG_WARN_COMMA = YES;
				CLANG_WARN_CONSTANT_CONVERSION = YES;
				CLANG_WARN_DEPRECATED_OBJC_IMPLEMENTATIONS = YES;
				CLANG_WARN_DIRECT_OBJC_ISA_USAGE = YES_ERROR;
				CLANG_WARN_DOCUMENTATION_COMMENTS = YES;
				CLANG_WARN_EMPTY_BODY = YES;
				CLANG_WARN_ENUM_CONVERSION = YES;
				CLANG_WARN_INFINITE_RECURSION = YES;
				CLANG_WARN_INT_CONVERSION = YES;
				CLANG_WARN_NON_LITERAL_NULL_CONVERSION = YES;
				CLANG_WARN_OBJC_IMPLICIT_RETAIN_SELF = YES;
				CLANG_WARN_OBJC_LITERAL_CONVERSION = YES;
				CLANG_WARN_OBJC_ROOT_CLASS = YES_ERROR;
				CLANG_WARN_QUOTED_INCLUDE_IN_FRAMEWORK_HEADER = YES;
				CLANG_WARN_RANGE_LOOP_ANALYSIS = YES;
				CLANG_WARN_STRICT_PROTOTYPES = YES;
				CLANG_WARN_SUSPICIOUS_MOVE = YES;
				CLANG_WARN_UNGUARDED_AVAILABILITY = YES_AGGRESSIVE;
				CLANG_WARN_UNREACHABLE_CODE = YES;
				CLANG_WARN__DUPLICATE_METHOD_MATCH = YES;
				COPY_PHASE_STRIP = NO;
				DEBUG_INFORMATION_FORMAT = "dwarf-with-dsym";
				ENABLE_NS_ASSERTIONS = NO;
				ENABLE_STRICT_OBJC_MSGSEND = YES;
				GCC_C_LANGUAGE_STANDARD = gnu11;
				GCC_NO_COMMON_BLOCKS = YES;
				GCC_WARN_64_TO_32_BIT_CONVERSION = YES;
				GCC_WARN_ABOUT_RETURN_TYPE = YES_ERROR;
				GCC_WARN_UNDECLARED_SELECTOR = YES;
				GCC_WARN_UNINITIALIZED_AUTOS = YES_AGGRESSIVE;
				GCC_WARN_UNUSED_FUNCTION = YES;
				GCC_WARN_UNUSED_VARIABLE = YES;
				IPHONEOS_DEPLOYMENT_TARGET = 15.2;
				MTL_ENABLE_DEBUG_INFO = NO;
				MTL_FAST_MATH = YES;
				SDKROOT = iphoneos;
				SWIFT_COMPILATION_MODE = wholemodule;
				SWIFT_OPTIMIZATION_LEVEL = "-O";
				VALIDATE_PRODUCT = YES;
			};
			name = Release;
		};
		5D4CE2EA2815428700A2AED5 /* Debug */ = {
			isa = XCBuildConfiguration;
			buildSettings = {
				ASSETCATALOG_COMPILER_APPICON_NAME = AppIcon;
				ASSETCATALOG_COMPILER_GLOBAL_ACCENT_COLOR_NAME = AccentColor;
				CODE_SIGN_STYLE = Automatic;
				CURRENT_PROJECT_VERSION = 1;
				DEVELOPMENT_ASSET_PATHS = "\"jasonchecker/Preview Content\"";
				ENABLE_PREVIEWS = YES;
				GENERATE_INFOPLIST_FILE = YES;
				INFOPLIST_KEY_UIApplicationSceneManifest_Generation = YES;
				INFOPLIST_KEY_UIApplicationSupportsIndirectInputEvents = YES;
				INFOPLIST_KEY_UILaunchScreen_Generation = YES;
				INFOPLIST_KEY_UISupportedInterfaceOrientations_iPad = "UIInterfaceOrientationPortrait UIInterfaceOrientationPortraitUpsideDown UIInterfaceOrientationLandscapeLeft UIInterfaceOrientationLandscapeRight";
				INFOPLIST_KEY_UISupportedInterfaceOrientations_iPhone = "UIInterfaceOrientationPortrait UIInterfaceOrientationLandscapeLeft UIInterfaceOrientationLandscapeRight";
				LD_RUNPATH_SEARCH_PATHS = (
					"$(inherited)",
					"@executable_path/Frameworks",
				);
				MARKETING_VERSION = 1.0;
				PRODUCT_BUNDLE_IDENTIFIER = TheDR.jasonchecker;
				PRODUCT_NAME = "$(TARGET_NAME)";
				SWIFT_EMIT_LOC_STRINGS = YES;
				SWIFT_VERSION = 5.0;
				TARGETED_DEVICE_FAMILY = "1,2";
			};
			name = Debug;
		};
		5D4CE2EB2815428700A2AED5 /* Release */ = {
			isa = XCBuildConfiguration;
			buildSettings = {
				ASSETCATALOG_COMPILER_APPICON_NAME = AppIcon;
				ASSETCATALOG_COMPILER_GLOBAL_ACCENT_COLOR_NAME = AccentColor;
				CODE_SIGN_STYLE = Automatic;
				CURRENT_PROJECT_VERSION = 1;
				DEVELOPMENT_ASSET_PATHS = "\"jasonchecker/Preview Content\"";
				ENABLE_PREVIEWS = YES;
				GENERATE_INFOPLIST_FILE = YES;
				INFOPLIST_KEY_UIApplicationSceneManifest_Generation = YES;
				INFOPLIST_KEY_UIApplicationSupportsIndirectInputEvents = YES;
				INFOPLIST_KEY_UILaunchScreen_Generation = YES;
				INFOPLIST_KEY_UISupportedInterfaceOrientations_iPad = "UIInterfaceOrientationPortrait UIInterfaceOrientationPortraitUpsideDown UIInterfaceOrientationLandscapeLeft UIInterfaceOrientationLandscapeRight";
				INFOPLIST_KEY_UISupportedInterfaceOrientations_iPhone = "UIInterfaceOrientationPortrait UIInterfaceOrientationLandscapeLeft UIInterfaceOrientationLandscapeRight";
				LD_RUNPATH_SEARCH_PATHS = (
					"$(inherited)",
					"@executable_path/Frameworks",
				);
				MARKETING_VERSION = 1.0;
				PRODUCT_BUNDLE_IDENTIFIER = TheDR.jasonchecker;
				PRODUCT_NAME = "$(TARGET_NAME)";
				SWIFT_EMIT_LOC_STRINGS = YES;
				SWIFT_VERSION = 5.0;
				TARGETED_DEVICE_FAMILY = "1,2";
			};
			name = Release;
		};
		5D4CE2ED2815428700A2AED5 /* Debug */ = {
			isa = XCBuildConfiguration;
			buildSettings = {
				ALWAYS_EMBED_SWIFT_STANDARD_LIBRARIES = YES;
				BUNDLE_LOADER = "$(TEST_HOST)";
				CODE_SIGN_STYLE = Automatic;
				CURRENT_PROJECT_VERSION = 1;
				GENERATE_INFOPLIST_FILE = YES;
				IPHONEOS_DEPLOYMENT_TARGET = 15.2;
				MARKETING_VERSION = 1.0;
				PRODUCT_BUNDLE_IDENTIFIER = TheDR.jasoncheckerTests;
				PRODUCT_NAME = "$(TARGET_NAME)";
				SWIFT_EMIT_LOC_STRINGS = NO;
				SWIFT_VERSION = 5.0;
				TARGETED_DEVICE_FAMILY = "1,2";
				TEST_HOST = "$(BUILT_PRODUCTS_DIR)/jasonchecker.app/jasonchecker";
			};
			name = Debug;
		};
		5D4CE2EE2815428700A2AED5 /* Release */ = {
			isa = XCBuildConfiguration;
			buildSettings = {
				ALWAYS_EMBED_SWIFT_STANDARD_LIBRARIES = YES;
				BUNDLE_LOADER = "$(TEST_HOST)";
				CODE_SIGN_STYLE = Automatic;
				CURRENT_PROJECT_VERSION = 1;
				GENERATE_INFOPLIST_FILE = YES;
				IPHONEOS_DEPLOYMENT_TARGET = 15.2;
				MARKETING_VERSION = 1.0;
				PRODUCT_BUNDLE_IDENTIFIER = TheDR.jasoncheckerTests;
				PRODUCT_NAME = "$(TARGET_NAME)";
				SWIFT_EMIT_LOC_STRINGS = NO;
				SWIFT_VERSION = 5.0;
				TARGETED_DEVICE_FAMILY = "1,2";
				TEST_HOST = "$(BUILT_PRODUCTS_DIR)/jasonchecker.app/jasonchecker";
			};
			name = Release;
		};
		5D4CE2F02815428700A2AED5 /* Debug */ = {
			isa = XCBuildConfiguration;
			buildSettings = {
				ALWAYS_EMBED_SWIFT_STANDARD_LIBRARIES = YES;
				CODE_SIGN_STYLE = Automatic;
				CURRENT_PROJECT_VERSION = 1;
				GENERATE_INFOPLIST_FILE = YES;
				MARKETING_VERSION = 1.0;
				PRODUCT_BUNDLE_IDENTIFIER = TheDR.jasoncheckerUITests;
				PRODUCT_NAME = "$(TARGET_NAME)";
				SWIFT_EMIT_LOC_STRINGS = NO;
				SWIFT_VERSION = 5.0;
				TARGETED_DEVICE_FAMILY = "1,2";
				TEST_TARGET_NAME = jasonchecker;
			};
			name = Debug;
		};
		5D4CE2F12815428700A2AED5 /* Release */ = {
			isa = XCBuildConfiguration;
			buildSettings = {
				ALWAYS_EMBED_SWIFT_STANDARD_LIBRARIES = YES;
				CODE_SIGN_STYLE = Automatic;
				CURRENT_PROJECT_VERSION = 1;
				GENERATE_INFOPLIST_FILE = YES;
				MARKETING_VERSION = 1.0;
				PRODUCT_BUNDLE_IDENTIFIER = TheDR.jasoncheckerUITests;
				PRODUCT_NAME = "$(TARGET_NAME)";
				SWIFT_EMIT_LOC_STRINGS = NO;
				SWIFT_VERSION = 5.0;
				TARGETED_DEVICE_FAMILY = "1,2";
				TEST_TARGET_NAME = jasonchecker;
			};
			name = Release;
		};
/* End XCBuildConfiguration section */

/* Begin XCConfigurationList section */
		5D4CE2C02815428400A2AED5 /* Build configuration list for PBXProject "jasonchecker" */ = {
			isa = XCConfigurationList;
			buildConfigurations = (
				5D4CE2E72815428700A2AED5 /* Debug */,
				5D4CE2E82815428700A2AED5 /* Release */,
			);
			defaultConfigurationIsVisible = 0;
			defaultConfigurationName = Release;
		};
		5D4CE2E92815428700A2AED5 /* Build configuration list for PBXNativeTarget "jasonchecker" */ = {
			isa = XCConfigurationList;
			buildConfigurations = (
				5D4CE2EA2815428700A2AED5 /* Debug */,
				5D4CE2EB2815428700A2AED5 /* Release */,
			);
			defaultConfigurationIsVisible = 0;
			defaultConfigurationName = Release;
		};
		5D4CE2EC2815428700A2AED5 /* Build configuration list for PBXNativeTarget "jasoncheckerTests" */ = {
			isa = XCConfigurationList;
			buildConfigurations = (
				5D4CE2ED2815428700A2AED5 /* Debug */,
				5D4CE2EE2815428700A2AED5 /* Release */,
			);
			defaultConfigurationIsVisible = 0;
			defaultConfigurationName = Release;
		};
		5D4CE2EF2815428700A2AED5 /* Build configuration list for PBXNativeTarget "jasoncheckerUITests" */ = {
			isa = XCConfigurationList;
			buildConfigurations = (
				5D4CE2F02815428700A2AED5 /* Debug */,
				5D4CE2F12815428700A2AED5 /* Release */,
			);
			defaultConfigurationIsVisible = 0;
			defaultConfigurationName = Release;
		};
/* End XCConfigurationList section */
	};
	rootObject = 5D4CE2BD2815428400A2AED5 /* Project object */;
}
